
Microsoft Visual Studio Solution File, Format Version 12.00
# Visual Studio Version 17
VisualStudioVersion = 17.3.32819.101
MinimumVisualStudioVersion = 10.0.40219.1
Project("{FAE04EC0-301F-11D3-BF4B-00C04F79EFBC}") = "ChatClient", "ChatApp\ChatClient.csproj", "{51AB042D-B455-48FA-A022-DD3A281A0E76}"
EndProject
Project("{FAE04EC0-301F-11D3-BF4B-00C04F79EFBC}") = "ChatServer", "ChatServer\ChatServer.csproj", "{43CD5673-77F7-469E-AB30-E5D2840B4783}"
EndProject
Global
	GlobalSection(SolutionConfigurationPlatforms) = preSolution
		Debug|Any CPU = Debug|Any CPU
		Release|Any CPU = Release|Any CPU
	EndGlobalSection
	GlobalSection(ProjectConfigurationPlatforms) = postSolution
		{51AB042D-B455-48FA-A022-DD3A281A0E76}.Debug|Any CPU.ActiveCfg = Debug|Any CPU
		{51AB042D-B455-48FA-A022-DD3A281A0E76}.Debug|Any CPU.Build.0 = Debug|Any CPU
		{51AB042D-B455-48FA-A022-DD3A281A0E76}.Release|Any CPU.ActiveCfg = Release|Any CPU
		{51AB042D-B455-48FA-A022-DD3A281A0E76}.Release|Any CPU.Build.0 = Release|Any CPU
		{43CD5673-77F7-469E-AB30-E5D2840B4783}.Debug|Any CPU.ActiveCfg = Debug|Any CPU
		{43CD5673-77F7-469E-AB30-E5D2840B4783}.Debug|Any CPU.Build.0 = Debug|Any CPU
		{43CD5673-77F7-469E-AB30-E5D2840B4783}.Release|Any CPU.ActiveCfg = Release|Any CPU
		{43CD5673-77F7-469E-AB30-E5D2840B4783}.Release|Any CPU.Build.0 = Release|Any CPU
	EndGlobalSection
	GlobalSection(SolutionProperties) = preSolution
		HideSolutionNode = FALSE
	EndGlobalSection
	GlobalSection(ExtensibilityGlobals) = postSolution
		SolutionGuid = {9F402E42-AC15-4620-A3A9-23C75AB4F986}
	EndGlobalSection
EndGlobal
